
Microsoft Visual Studio Solution File, Format Version 12.00
# Visual Studio Version 16
VisualStudioVersion = 16.0.33529.622
MinimumVisualStudioVersion = 10.0.40219.1
Project("{FAE04EC0-301F-11D3-BF4B-00C04F79EFBC}") = "PDGUI", "PDGUI\PDGUI.csproj", "{341C3032-D762-42FA-9906-D32639B3644D}"
EndProject
Global
	GlobalSection(SolutionConfigurationPlatforms) = preSolution
		Debug|Any CPU = Debug|Any CPU
		Release|Any CPU = Release|Any CPU
	EndGlobalSection
	GlobalSection(ProjectConfigurationPlatforms) = postSolution
		{341C3032-D762-42FA-9906-D32639B3644D}.Debug|Any CPU.ActiveCfg = Debug|Any CPU
		{341C3032-D762-42FA-9906-D32639B3644D}.Debug|Any CPU.Build.0 = Debug|Any CPU
		{341C3032-D762-42FA-9906-D32639B3644D}.Release|Any CPU.ActiveCfg = Release|Any CPU
		{341C3032-D762-42FA-9906-D32639B3644D}.Release|Any CPU.Build.0 = Release|Any CPU
	EndGlobalSection
	GlobalSection(SolutionProperties) = preSolution
		HideSolutionNode = FALSE
	EndGlobalSection
	GlobalSection(ExtensibilityGlobals) = postSolution
		SolutionGuid = {775FE7B9-5F72-470A-9232-0D9F7E985A74}
	EndGlobalSection
EndGlobal
